// !$*UTF8*$!
{
	archiveVersion = 1;
	classes = {
	};
	objectVersion = 46;
	objects = {

/* Begin PBXBuildFile section */
		4D050DB61E5DC0A100760345 /* TextFieldTableViewCell.swift in Sources */ = {isa = PBXBuildFile; fileRef = 4D050DB41E5DC0A100760345 /* TextFieldTableViewCell.swift */; };
		4D050DB71E5DC0A100760345 /* TextFieldTableViewCell.xib in Resources */ = {isa = PBXBuildFile; fileRef = 4D050DB51E5DC0A100760345 /* TextFieldTableViewCell.xib */; };
		4D050DB91E5DC51B00760345 /* TextFieldDataSource.swift in Sources */ = {isa = PBXBuildFile; fileRef = 4D050DB81E5DC51B00760345 /* TextFieldDataSource.swift */; };
		4D5623641E41C7340008F824 /* TextFieldViewController.swift in Sources */ = {isa = PBXBuildFile; fileRef = 4D5623631E41C7340008F824 /* TextFieldViewController.swift */; };
		4DC101741E12636900380556 /* Albums.json in Resources */ = {isa = PBXBuildFile; fileRef = 4DC1016A1E12636900380556 /* Albums.json */; };
		4DC101751E12636900380556 /* Models.swift in Sources */ = {isa = PBXBuildFile; fileRef = 4DC1016B1E12636900380556 /* Models.swift */; };
		4DC101761E12636900380556 /* MenuViewController.swift in Sources */ = {isa = PBXBuildFile; fileRef = 4DC1016D1E12636900380556 /* MenuViewController.swift */; };
		4DC101771E12636900380556 /* SegmentTableViewController.swift in Sources */ = {isa = PBXBuildFile; fileRef = 4DC1016E1E12636900380556 /* SegmentTableViewController.swift */; };
		4DC101781E12636900380556 /* TableViewController.swift in Sources */ = {isa = PBXBuildFile; fileRef = 4DC1016F1E12636900380556 /* TableViewController.swift */; };
		4DC101791E12636900380556 /* CustomeCell.swift in Sources */ = {isa = PBXBuildFile; fileRef = 4DC101711E12636900380556 /* CustomeCell.swift */; };
		4DC1017A1E12636900380556 /* CustomeSection.swift in Sources */ = {isa = PBXBuildFile; fileRef = 4DC101721E12636900380556 /* CustomeSection.swift */; };
		4DC1017B1E12636900380556 /* CustomeSection.xib in Resources */ = {isa = PBXBuildFile; fileRef = 4DC101731E12636900380556 /* CustomeSection.xib */; };
		4DC1017D1E1263BA00380556 /* DataSources.swift in Sources */ = {isa = PBXBuildFile; fileRef = 4DC1017C1E1263BA00380556 /* DataSources.swift */; };
		89D8E35F1D1C028F004AEF3E /* AppDelegate.swift in Sources */ = {isa = PBXBuildFile; fileRef = 89D8E35E1D1C028F004AEF3E /* AppDelegate.swift */; };
		89D8E3641D1C028F004AEF3E /* Main.storyboard in Resources */ = {isa = PBXBuildFile; fileRef = 89D8E3621D1C028F004AEF3E /* Main.storyboard */; };
		89D8E3661D1C028F004AEF3E /* Assets.xcassets in Resources */ = {isa = PBXBuildFile; fileRef = 89D8E3651D1C028F004AEF3E /* Assets.xcassets */; };
		89D8E3691D1C028F004AEF3E /* LaunchScreen.storyboard in Resources */ = {isa = PBXBuildFile; fileRef = 89D8E3671D1C028F004AEF3E /* LaunchScreen.storyboard */; };
		BB4E9EC93D721E797D957152 /* Pods_DataSources.framework in Frameworks */ = {isa = PBXBuildFile; fileRef = EC7A898CAB834CDC8A3B6AF5 /* Pods_DataSources.framework */; };
/* End PBXBuildFile section */

/* Begin PBXFileReference section */
		4D050DB41E5DC0A100760345 /* TextFieldTableViewCell.swift */ = {isa = PBXFileReference; fileEncoding = 4; lastKnownFileType = sourcecode.swift; path = TextFieldTableViewCell.swift; sourceTree = "<group>"; };
		4D050DB51E5DC0A100760345 /* TextFieldTableViewCell.xib */ = {isa = PBXFileReference; fileEncoding = 4; lastKnownFileType = file.xib; path = TextFieldTableViewCell.xib; sourceTree = "<group>"; };
		4D050DB81E5DC51B00760345 /* TextFieldDataSource.swift */ = {isa = PBXFileReference; fileEncoding = 4; lastKnownFileType = sourcecode.swift; path = TextFieldDataSource.swift; sourceTree = "<group>"; };
		4D5623631E41C7340008F824 /* TextFieldViewController.swift */ = {isa = PBXFileReference; fileEncoding = 4; lastKnownFileType = sourcecode.swift; path = TextFieldViewController.swift; sourceTree = "<group>"; };
		4DC1016A1E12636900380556 /* Albums.json */ = {isa = PBXFileReference; fileEncoding = 4; lastKnownFileType = text.json; path = Albums.json; sourceTree = "<group>"; };
		4DC1016B1E12636900380556 /* Models.swift */ = {isa = PBXFileReference; fileEncoding = 4; lastKnownFileType = sourcecode.swift; path = Models.swift; sourceTree = "<group>"; };
		4DC1016D1E12636900380556 /* MenuViewController.swift */ = {isa = PBXFileReference; fileEncoding = 4; lastKnownFileType = sourcecode.swift; path = MenuViewController.swift; sourceTree = "<group>"; };
		4DC1016E1E12636900380556 /* SegmentTableViewController.swift */ = {isa = PBXFileReference; fileEncoding = 4; lastKnownFileType = sourcecode.swift; path = SegmentTableViewController.swift; sourceTree = "<group>"; };
		4DC1016F1E12636900380556 /* TableViewController.swift */ = {isa = PBXFileReference; fileEncoding = 4; lastKnownFileType = sourcecode.swift; path = TableViewController.swift; sourceTree = "<group>"; };
		4DC101711E12636900380556 /* CustomeCell.swift */ = {isa = PBXFileReference; fileEncoding = 4; lastKnownFileType = sourcecode.swift; path = CustomeCell.swift; sourceTree = "<group>"; };
		4DC101721E12636900380556 /* CustomeSection.swift */ = {isa = PBXFileReference; fileEncoding = 4; lastKnownFileType = sourcecode.swift; path = CustomeSection.swift; sourceTree = "<group>"; };
		4DC101731E12636900380556 /* CustomeSection.xib */ = {isa = PBXFileReference; fileEncoding = 4; lastKnownFileType = file.xib; path = CustomeSection.xib; sourceTree = "<group>"; };
		4DC1017C1E1263BA00380556 /* DataSources.swift */ = {isa = PBXFileReference; fileEncoding = 4; lastKnownFileType = sourcecode.swift; path = DataSources.swift; sourceTree = "<group>"; };
		75BA98DF744C269B4F75963E /* Pods-DataSources.release.xcconfig */ = {isa = PBXFileReference; includeInIndex = 1; lastKnownFileType = text.xcconfig; name = "Pods-DataSources.release.xcconfig"; path = "../vendor/Pods/Target Support Files/Pods-DataSources/Pods-DataSources.release.xcconfig"; sourceTree = "<group>"; };
		89D8E35B1D1C028F004AEF3E /* DataSources.app */ = {isa = PBXFileReference; explicitFileType = wrapper.application; includeInIndex = 0; path = DataSources.app; sourceTree = BUILT_PRODUCTS_DIR; };
		89D8E35E1D1C028F004AEF3E /* AppDelegate.swift */ = {isa = PBXFileReference; lastKnownFileType = sourcecode.swift; path = AppDelegate.swift; sourceTree = "<group>"; };
		89D8E3631D1C028F004AEF3E /* Base */ = {isa = PBXFileReference; lastKnownFileType = file.storyboard; name = Base; path = Base.lproj/Main.storyboard; sourceTree = "<group>"; };
		89D8E3651D1C028F004AEF3E /* Assets.xcassets */ = {isa = PBXFileReference; lastKnownFileType = folder.assetcatalog; path = Assets.xcassets; sourceTree = "<group>"; };
		89D8E3681D1C028F004AEF3E /* Base */ = {isa = PBXFileReference; lastKnownFileType = file.storyboard; name = Base; path = Base.lproj/LaunchScreen.storyboard; sourceTree = "<group>"; };
		89D8E36A1D1C028F004AEF3E /* Info.plist */ = {isa = PBXFileReference; lastKnownFileType = text.plist.xml; path = Info.plist; sourceTree = "<group>"; };
		EC7A898CAB834CDC8A3B6AF5 /* Pods_DataSources.framework */ = {isa = PBXFileReference; explicitFileType = wrapper.framework; includeInIndex = 0; path = Pods_DataSources.framework; sourceTree = BUILT_PRODUCTS_DIR; };
		F1C3EE2B20DDF535599CE40A /* Pods-DataSources.debug.xcconfig */ = {isa = PBXFileReference; includeInIndex = 1; lastKnownFileType = text.xcconfig; name = "Pods-DataSources.debug.xcconfig"; path = "../vendor/Pods/Target Support Files/Pods-DataSources/Pods-DataSources.debug.xcconfig"; sourceTree = "<group>"; };
/* End PBXFileReference section */

/* Begin PBXFrameworksBuildPhase section */
		89D8E3581D1C028F004AEF3E /* Frameworks */ = {
			isa = PBXFrameworksBuildPhase;
			buildActionMask = 2147483647;
			files = (
				BB4E9EC93D721E797D957152 /* Pods_DataSources.framework in Frameworks */,
			);
			runOnlyForDeploymentPostprocessing = 0;
		};
/* End PBXFrameworksBuildPhase section */

/* Begin PBXGroup section */
		4DC101681E12636900380556 /* Example */ = {
			isa = PBXGroup;
			children = (
				4DC101691E12636900380556 /* Models */,
				4DC1016C1E12636900380556 /* ViewControllers */,
				4DC101701E12636900380556 /* Views */,
			);
			path = Example;
			sourceTree = "<group>";
		};
		4DC101691E12636900380556 /* Models */ = {
			isa = PBXGroup;
			children = (
				4DC1017C1E1263BA00380556 /* DataSources.swift */,
				4DC1016A1E12636900380556 /* Albums.json */,
				4DC1016B1E12636900380556 /* Models.swift */,
				4D050DB81E5DC51B00760345 /* TextFieldDataSource.swift */,
			);
			path = Models;
			sourceTree = "<group>";
		};
		4DC1016C1E12636900380556 /* ViewControllers */ = {
			isa = PBXGroup;
			children = (
				4DC1016D1E12636900380556 /* MenuViewController.swift */,
				4DC1016F1E12636900380556 /* TableViewController.swift */,
				4DC1016E1E12636900380556 /* SegmentTableViewController.swift */,
				4D5623631E41C7340008F824 /* TextFieldViewController.swift */,
			);
			path = ViewControllers;
			sourceTree = "<group>";
		};
		4DC101701E12636900380556 /* Views */ = {
			isa = PBXGroup;
			children = (
				4D050DB41E5DC0A100760345 /* TextFieldTableViewCell.swift */,
				4D050DB51E5DC0A100760345 /* TextFieldTableViewCell.xib */,
				4DC101711E12636900380556 /* CustomeCell.swift */,
				4DC101721E12636900380556 /* CustomeSection.swift */,
				4DC101731E12636900380556 /* CustomeSection.xib */,
			);
			path = Views;
			sourceTree = "<group>";
		};
		694EF9C024DC25894F330D25 /* Frameworks */ = {
			isa = PBXGroup;
			children = (
				EC7A898CAB834CDC8A3B6AF5 /* Pods_DataSources.framework */,
			);
			name = Frameworks;
			sourceTree = "<group>";
		};
		89D8E3521D1C028F004AEF3E = {
			isa = PBXGroup;
			children = (
				4DC101681E12636900380556 /* Example */,
				89D8E35D1D1C028F004AEF3E /* SupportingFiles */,
				89D8E35C1D1C028F004AEF3E /* Products */,
				F2E8A75E5E6809880754BCF0 /* Pods */,
				694EF9C024DC25894F330D25 /* Frameworks */,
			);
			sourceTree = "<group>";
		};
		89D8E35C1D1C028F004AEF3E /* Products */ = {
			isa = PBXGroup;
			children = (
				89D8E35B1D1C028F004AEF3E /* DataSources.app */,
			);
			name = Products;
			sourceTree = "<group>";
		};
		89D8E35D1D1C028F004AEF3E /* SupportingFiles */ = {
			isa = PBXGroup;
			children = (
				89D8E3621D1C028F004AEF3E /* Main.storyboard */,
				89D8E35E1D1C028F004AEF3E /* AppDelegate.swift */,
				89D8E3651D1C028F004AEF3E /* Assets.xcassets */,
				89D8E3671D1C028F004AEF3E /* LaunchScreen.storyboard */,
				89D8E36A1D1C028F004AEF3E /* Info.plist */,
			);
			name = SupportingFiles;
			path = DataSources;
			sourceTree = "<group>";
		};
		F2E8A75E5E6809880754BCF0 /* Pods */ = {
			isa = PBXGroup;
			children = (
				F1C3EE2B20DDF535599CE40A /* Pods-DataSources.debug.xcconfig */,
				75BA98DF744C269B4F75963E /* Pods-DataSources.release.xcconfig */,
			);
			name = Pods;
			sourceTree = "<group>";
		};
/* End PBXGroup section */

/* Begin PBXNativeTarget section */
		89D8E35A1D1C028F004AEF3E /* DataSources */ = {
			isa = PBXNativeTarget;
			buildConfigurationList = 89D8E36D1D1C028F004AEF3E /* Build configuration list for PBXNativeTarget "DataSources" */;
			buildPhases = (
				26483F755E6ACF7ECB2BF42A /* [CP] Check Pods Manifest.lock */,
				89D8E3571D1C028F004AEF3E /* Sources */,
				89D8E3581D1C028F004AEF3E /* Frameworks */,
				89D8E3591D1C028F004AEF3E /* Resources */,
				97C8B323706AF16A59DE11A3 /* [CP] Embed Pods Frameworks */,
				6D0DC6FB773493F29F90F9D1 /* [CP] Copy Pods Resources */,
			);
			buildRules = (
			);
			dependencies = (
			);
			name = DataSources;
			productName = DataSources;
			productReference = 89D8E35B1D1C028F004AEF3E /* DataSources.app */;
			productType = "com.apple.product-type.application";
		};
/* End PBXNativeTarget section */

/* Begin PBXProject section */
		89D8E3531D1C028F004AEF3E /* Project object */ = {
			isa = PBXProject;
			attributes = {
				LastSwiftUpdateCheck = 0730;
				LastUpgradeCheck = 0810;
				ORGANIZATIONNAME = "Anatoly Tukhtarov";
				TargetAttributes = {
					89D8E35A1D1C028F004AEF3E = {
						CreatedOnToolsVersion = 7.3;
						LastSwiftMigration = 0810;
					};
				};
			};
			buildConfigurationList = 89D8E3561D1C028F004AEF3E /* Build configuration list for PBXProject "DataSources" */;
			compatibilityVersion = "Xcode 3.2";
			developmentRegion = English;
			hasScannedForEncodings = 0;
			knownRegions = (
				en,
				Base,
			);
			mainGroup = 89D8E3521D1C028F004AEF3E;
			productRefGroup = 89D8E35C1D1C028F004AEF3E /* Products */;
			projectDirPath = "";
			projectRoot = "";
			targets = (
				89D8E35A1D1C028F004AEF3E /* DataSources */,
			);
		};
/* End PBXProject section */

/* Begin PBXResourcesBuildPhase section */
		89D8E3591D1C028F004AEF3E /* Resources */ = {
			isa = PBXResourcesBuildPhase;
			buildActionMask = 2147483647;
			files = (
				89D8E3691D1C028F004AEF3E /* LaunchScreen.storyboard in Resources */,
				4D050DB71E5DC0A100760345 /* TextFieldTableViewCell.xib in Resources */,
				4DC1017B1E12636900380556 /* CustomeSection.xib in Resources */,
				89D8E3661D1C028F004AEF3E /* Assets.xcassets in Resources */,
				89D8E3641D1C028F004AEF3E /* Main.storyboard in Resources */,
				4DC101741E12636900380556 /* Albums.json in Resources */,
			);
			runOnlyForDeploymentPostprocessing = 0;
		};
/* End PBXResourcesBuildPhase section */

/* Begin PBXShellScriptBuildPhase section */
		26483F755E6ACF7ECB2BF42A /* [CP] Check Pods Manifest.lock */ = {
			isa = PBXShellScriptBuildPhase;
			buildActionMask = 2147483647;
			files = (
			);
			inputPaths = (
			);
			name = "[CP] Check Pods Manifest.lock";
			outputPaths = (
			);
			runOnlyForDeploymentPostprocessing = 0;
			shellPath = /bin/sh;
			shellScript = "diff \"${PODS_PODFILE_DIR_PATH}/Podfile.lock\" \"${PODS_ROOT}/Manifest.lock\" > /dev/null\nif [ $? != 0 ] ; then\n    # print error to STDERR\n    echo \"error: The sandbox is not in sync with the Podfile.lock. Run 'pod install' or update your CocoaPods installation.\" >&2\n    exit 1\nfi\n";
			showEnvVarsInLog = 0;
		};
		6D0DC6FB773493F29F90F9D1 /* [CP] Copy Pods Resources */ = {
			isa = PBXShellScriptBuildPhase;
			buildActionMask = 2147483647;
			files = (
			);
			inputPaths = (
			);
			name = "[CP] Copy Pods Resources";
			outputPaths = (
			);
			runOnlyForDeploymentPostprocessing = 0;
			shellPath = /bin/sh;
			shellScript = "\"${SRCROOT}/../vendor/Pods/Target Support Files/Pods-DataSources/Pods-DataSources-resources.sh\"\n";
			showEnvVarsInLog = 0;
		};
		97C8B323706AF16A59DE11A3 /* [CP] Embed Pods Frameworks */ = {
			isa = PBXShellScriptBuildPhase;
			buildActionMask = 2147483647;
			files = (
			);
			inputPaths = (
			);
			name = "[CP] Embed Pods Frameworks";
			outputPaths = (
			);
			runOnlyForDeploymentPostprocessing = 0;
			shellPath = /bin/sh;
			shellScript = "\"${SRCROOT}/../vendor/Pods/Target Support Files/Pods-DataSources/Pods-DataSources-frameworks.sh\"\n";
			showEnvVarsInLog = 0;
		};
/* End PBXShellScriptBuildPhase section */

/* Begin PBXSourcesBuildPhase section */
		89D8E3571D1C028F004AEF3E /* Sources */ = {
			isa = PBXSourcesBuildPhase;
			buildActionMask = 2147483647;
			files = (
				4D050DB61E5DC0A100760345 /* TextFieldTableViewCell.swift in Sources */,
				4DC1017A1E12636900380556 /* CustomeSection.swift in Sources */,
				4DC101771E12636900380556 /* SegmentTableViewController.swift in Sources */,
				4DC101761E12636900380556 /* MenuViewController.swift in Sources */,
				4D050DB91E5DC51B00760345 /* TextFieldDataSource.swift in Sources */,
				4DC101751E12636900380556 /* Models.swift in Sources */,
				4DC101791E12636900380556 /* CustomeCell.swift in Sources */,
				4DC101781E12636900380556 /* TableViewController.swift in Sources */,
				4DC1017D1E1263BA00380556 /* DataSources.swift in Sources */,
				4D5623641E41C7340008F824 /* TextFieldViewController.swift in Sources */,
				89D8E35F1D1C028F004AEF3E /* AppDelegate.swift in Sources */,
			);
			runOnlyForDeploymentPostprocessing = 0;
		};
/* End PBXSourcesBuildPhase section */

/* Begin PBXVariantGroup section */
		89D8E3621D1C028F004AEF3E /* Main.storyboard */ = {
			isa = PBXVariantGroup;
			children = (
				89D8E3631D1C028F004AEF3E /* Base */,
			);
			name = Main.storyboard;
			sourceTree = "<group>";
		};
		89D8E3671D1C028F004AEF3E /* LaunchScreen.storyboard */ = {
			isa = PBXVariantGroup;
			children = (
				89D8E3681D1C028F004AEF3E /* Base */,
			);
			name = LaunchScreen.storyboard;
			sourceTree = "<group>";
		};
/* End PBXVariantGroup section */

/* Begin XCBuildConfiguration section */
		89D8E36B1D1C028F004AEF3E /* Debug */ = {
			isa = XCBuildConfiguration;
			buildSettings = {
				ALWAYS_SEARCH_USER_PATHS = NO;
				CLANG_ANALYZER_NONNULL = YES;
				CLANG_CXX_LANGUAGE_STANDARD = "gnu++0x";
				CLANG_CXX_LIBRARY = "libc++";
				CLANG_ENABLE_MODULES = YES;
				CLANG_ENABLE_OBJC_ARC = YES;
				CLANG_WARN_BOOL_CONVERSION = YES;
				CLANG_WARN_CONSTANT_CONVERSION = YES;
				CLANG_WARN_DIRECT_OBJC_ISA_USAGE = YES_ERROR;
				CLANG_WARN_EMPTY_BODY = YES;
				CLANG_WARN_ENUM_CONVERSION = YES;
				CLANG_WARN_INFINITE_RECURSION = YES;
				CLANG_WARN_INT_CONVERSION = YES;
				CLANG_WARN_OBJC_ROOT_CLASS = YES_ERROR;
				CLANG_WARN_SUSPICIOUS_MOVE = YES;
				CLANG_WARN_UNREACHABLE_CODE = YES;
				CLANG_WARN__DUPLICATE_METHOD_MATCH = YES;
				"CODE_SIGN_IDENTITY[sdk=iphoneos*]" = "iPhone Developer";
				COPY_PHASE_STRIP = NO;
				DEBUG_INFORMATION_FORMAT = dwarf;
				ENABLE_STRICT_OBJC_MSGSEND = YES;
				ENABLE_TESTABILITY = YES;
				GCC_C_LANGUAGE_STANDARD = gnu99;
				GCC_DYNAMIC_NO_PIC = NO;
				GCC_NO_COMMON_BLOCKS = YES;
				GCC_OPTIMIZATION_LEVEL = 0;
				GCC_PREPROCESSOR_DEFINITIONS = (
					"DEBUG=1",
					"$(inherited)",
				);
				GCC_WARN_64_TO_32_BIT_CONVERSION = YES;
				GCC_WARN_ABOUT_RETURN_TYPE = YES_ERROR;
				GCC_WARN_UNDECLARED_SELECTOR = YES;
				GCC_WARN_UNINITIALIZED_AUTOS = YES_AGGRESSIVE;
				GCC_WARN_UNUSED_FUNCTION = YES;
				GCC_WARN_UNUSED_VARIABLE = YES;
				IPHONEOS_DEPLOYMENT_TARGET = 9.3;
				MTL_ENABLE_DEBUG_INFO = YES;
				ONLY_ACTIVE_ARCH = YES;
				SDKROOT = iphoneos;
				SWIFT_OPTIMIZATION_LEVEL = "-Onone";
			};
			name = Debug;
		};
		89D8E36C1D1C028F004AEF3E /* Release */ = {
			isa = XCBuildConfiguration;
			buildSettings = {
				ALWAYS_SEARCH_USER_PATHS = NO;
				CLANG_ANALYZER_NONNULL = YES;
				CLANG_CXX_LANGUAGE_STANDARD = "gnu++0x";
				CLANG_CXX_LIBRARY = "libc++";
				CLANG_ENABLE_MODULES = YES;
				CLANG_ENABLE_OBJC_ARC = YES;
				CLANG_WARN_BOOL_CONVERSION = YES;
				CLANG_WARN_CONSTANT_CONVERSION = YES;
				CLANG_WARN_DIRECT_OBJC_ISA_USAGE = YES_ERROR;
				CLANG_WARN_EMPTY_BODY = YES;
				CLANG_WARN_ENUM_CONVERSION = YES;
				CLANG_WARN_INFINITE_RECURSION = YES;
				CLANG_WARN_INT_CONVERSION = YES;
				CLANG_WARN_OBJC_ROOT_CLASS = YES_ERROR;
				CLANG_WARN_SUSPICIOUS_MOVE = YES;
				CLANG_WARN_UNREACHABLE_CODE = YES;
				CLANG_WARN__DUPLICATE_METHOD_MATCH = YES;
				"CODE_SIGN_IDENTITY[sdk=iphoneos*]" = "iPhone Developer";
				COPY_PHASE_STRIP = NO;
				DEBUG_INFORMATION_FORMAT = "dwarf-with-dsym";
				ENABLE_NS_ASSERTIONS = NO;
				ENABLE_STRICT_OBJC_MSGSEND = YES;
				GCC_C_LANGUAGE_STANDARD = gnu99;
				GCC_NO_COMMON_BLOCKS = YES;
				GCC_WARN_64_TO_32_BIT_CONVERSION = YES;
				GCC_WARN_ABOUT_RETURN_TYPE = YES_ERROR;
				GCC_WARN_UNDECLARED_SELECTOR = YES;
				GCC_WARN_UNINITIALIZED_AUTOS = YES_AGGRESSIVE;
				GCC_WARN_UNUSED_FUNCTION = YES;
				GCC_WARN_UNUSED_VARIABLE = YES;
				IPHONEOS_DEPLOYMENT_TARGET = 9.3;
				MTL_ENABLE_DEBUG_INFO = NO;
				SDKROOT = iphoneos;
				SWIFT_OPTIMIZATION_LEVEL = "-Owholemodule";
				VALIDATE_PRODUCT = YES;
			};
			name = Release;
		};
		89D8E36E1D1C028F004AEF3E /* Debug */ = {
			isa = XCBuildConfiguration;
			baseConfigurationReference = F1C3EE2B20DDF535599CE40A /* Pods-DataSources.debug.xcconfig */;
			buildSettings = {
				ASSETCATALOG_COMPILER_APPICON_NAME = AppIcon;
				INFOPLIST_FILE = DataSources/Info.plist;
				IPHONEOS_DEPLOYMENT_TARGET = 10.0;
				LD_RUNPATH_SEARCH_PATHS = "$(inherited) @executable_path/Frameworks";
				PRODUCT_BUNDLE_IDENTIFIER = com.ciklum.DataSources;
				PRODUCT_NAME = "$(TARGET_NAME)";
				SWIFT_VERSION = 3.0;
			};
			name = Debug;
		};
		89D8E36F1D1C028F004AEF3E /* Release */ = {
			isa = XCBuildConfiguration;
			baseConfigurationReference = 75BA98DF744C269B4F75963E /* Pods-DataSources.release.xcconfig */;
			buildSettings = {
				ASSETCATALOG_COMPILER_APPICON_NAME = AppIcon;
				INFOPLIST_FILE = DataSources/Info.plist;
				IPHONEOS_DEPLOYMENT_TARGET = 10.0;
				LD_RUNPATH_SEARCH_PATHS = "$(inherited) @executable_path/Frameworks";
				PRODUCT_BUNDLE_IDENTIFIER = com.ciklum.DataSources;
				PRODUCT_NAME = "$(TARGET_NAME)";
				SWIFT_VERSION = 3.0;
			};
			name = Release;
		};
/* End XCBuildConfiguration section */

/* Begin XCConfigurationList section */
		89D8E3561D1C028F004AEF3E /* Build configuration list for PBXProject "DataSources" */ = {
			isa = XCConfigurationList;
			buildConfigurations = (
				89D8E36B1D1C028F004AEF3E /* Debug */,
				89D8E36C1D1C028F004AEF3E /* Release */,
			);
			defaultConfigurationIsVisible = 0;
			defaultConfigurationName = Release;
		};
		89D8E36D1D1C028F004AEF3E /* Build configuration list for PBXNativeTarget "DataSources" */ = {
			isa = XCConfigurationList;
			buildConfigurations = (
				89D8E36E1D1C028F004AEF3E /* Debug */,
				89D8E36F1D1C028F004AEF3E /* Release */,
			);
			defaultConfigurationIsVisible = 0;
			defaultConfigurationName = Release;
		};
/* End XCConfigurationList section */
	};
	rootObject = 89D8E3531D1C028F004AEF3E /* Project object */;
}
